
Microsoft Visual Studio Solution File, Format Version 12.00
# Visual Studio 15
VisualStudioVersion = 15.0.27703.2018
MinimumVisualStudioVersion = 10.0.40219.1
Project("{FAE04EC0-301F-11D3-BF4B-00C04F79EFBC}") = "Cafe_Management_Systems", "Cafe_Management_Systems\Cafe_Management_Systems.csproj", "{696820EB-E070-4DF1-B5F5-9D007A291987}"
EndProject
Global
	GlobalSection(SolutionConfigurationPlatforms) = preSolution
		Debug|Any CPU = Debug|Any CPU
		Release|Any CPU = Release|Any CPU
	EndGlobalSection
	GlobalSection(ProjectConfigurationPlatforms) = postSolution
		{696820EB-E070-4DF1-B5F5-9D007A291987}.Debug|Any CPU.ActiveCfg = Debug|Any CPU
		{696820EB-E070-4DF1-B5F5-9D007A291987}.Debug|Any CPU.Build.0 = Debug|Any CPU
		{696820EB-E070-4DF1-B5F5-9D007A291987}.Release|Any CPU.ActiveCfg = Release|Any CPU
		{696820EB-E070-4DF1-B5F5-9D007A291987}.Release|Any CPU.Build.0 = Release|Any CPU
	EndGlobalSection
	GlobalSection(SolutionProperties) = preSolution
		HideSolutionNode = FALSE
	EndGlobalSection
	GlobalSection(ExtensibilityGlobals) = postSolution
		SolutionGuid = {E985892F-68E0-4A23-BD4C-E3935F2142D4}
	EndGlobalSection
EndGlobal
